// !$*UTF8*$!
{
	archiveVersion = 1;
	classes = {
	};
	objectVersion = 50;
	objects = {

/* Begin PBXBuildFile section */
		174EBBCC26F8CBE9006AB8CA /* AppDelegate.swift in Sources */ = {isa = PBXBuildFile; fileRef = 174EBBCB26F8CBE9006AB8CA /* AppDelegate.swift */; };
		174EBBCE26F8CBE9006AB8CA /* SceneDelegate.swift in Sources */ = {isa = PBXBuildFile; fileRef = 174EBBCD26F8CBE9006AB8CA /* SceneDelegate.swift */; };
		174EBBD026F8CBE9006AB8CA /* ViewController.swift in Sources */ = {isa = PBXBuildFile; fileRef = 174EBBCF26F8CBE9006AB8CA /* ViewController.swift */; };
		174EBBD326F8CBE9006AB8CA /* Main.storyboard in Resources */ = {isa = PBXBuildFile; fileRef = 174EBBD126F8CBE9006AB8CA /* Main.storyboard */; };
		174EBBD526F8CBEF006AB8CA /* Assets.xcassets in Resources */ = {isa = PBXBuildFile; fileRef = 174EBBD426F8CBEF006AB8CA /* Assets.xcassets */; };
		174EBBD826F8CBEF006AB8CA /* LaunchScreen.storyboard in Resources */ = {isa = PBXBuildFile; fileRef = 174EBBD626F8CBEF006AB8CA /* LaunchScreen.storyboard */; };
		174EBBE226F8CDB6006AB8CA /* Capital.swift in Sources */ = {isa = PBXBuildFile; fileRef = 174EBBE126F8CDB6006AB8CA /* Capital.swift */; };
/* End PBXBuildFile section */

/* Begin PBXFileReference section */
		174EBBC826F8CBE9006AB8CA /* Project-16.app */ = {isa = PBXFileReference; explicitFileType = wrapper.application; includeInIndex = 0; path = "Project-16.app"; sourceTree = BUILT_PRODUCTS_DIR; };
		174EBBCB26F8CBE9006AB8CA /* AppDelegate.swift */ = {isa = PBXFileReference; lastKnownFileType = sourcecode.swift; path = AppDelegate.swift; sourceTree = "<group>"; };
		174EBBCD26F8CBE9006AB8CA /* SceneDelegate.swift */ = {isa = PBXFileReference; lastKnownFileType = sourcecode.swift; path = SceneDelegate.swift; sourceTree = "<group>"; };
		174EBBCF26F8CBE9006AB8CA /* ViewController.swift */ = {isa = PBXFileReference; lastKnownFileType = sourcecode.swift; path = ViewController.swift; sourceTree = "<group>"; };
		174EBBD226F8CBE9006AB8CA /* Base */ = {isa = PBXFileReference; lastKnownFileType = file.storyboard; name = Base; path = Base.lproj/Main.storyboard; sourceTree = "<group>"; };
		174EBBD426F8CBEF006AB8CA /* Assets.xcassets */ = {isa = PBXFileReference; lastKnownFileType = folder.assetcatalog; path = Assets.xcassets; sourceTree = "<group>"; };
		174EBBD726F8CBEF006AB8CA /* Base */ = {isa = PBXFileReference; lastKnownFileType = file.storyboard; name = Base; path = Base.lproj/LaunchScreen.storyboard; sourceTree = "<group>"; };
		174EBBD926F8CBEF006AB8CA /* Info.plist */ = {isa = PBXFileReference; lastKnownFileType = text.plist.xml; path = Info.plist; sourceTree = "<group>"; };
		174EBBE126F8CDB6006AB8CA /* Capital.swift */ = {isa = PBXFileReference; lastKnownFileType = sourcecode.swift; path = Capital.swift; sourceTree = "<group>"; };
/* End PBXFileReference section */

/* Begin PBXFrameworksBuildPhase section */
		174EBBC526F8CBE9006AB8CA /* Frameworks */ = {
			isa = PBXFrameworksBuildPhase;
			buildActionMask = 2147483647;
			files = (
			);
			runOnlyForDeploymentPostprocessing = 0;
		};
/* End PBXFrameworksBuildPhase section */

/* Begin PBXGroup section */
		174EBBBF26F8CBE9006AB8CA = {
			isa = PBXGroup;
			children = (
				174EBBCA26F8CBE9006AB8CA /* Project-16 */,
				174EBBC926F8CBE9006AB8CA /* Products */,
			);
			sourceTree = "<group>";
		};
		174EBBC926F8CBE9006AB8CA /* Products */ = {
			isa = PBXGroup;
			children = (
				174EBBC826F8CBE9006AB8CA /* Project-16.app */,
			);
			name = Products;
			sourceTree = "<group>";
		};
		174EBBCA26F8CBE9006AB8CA /* Project-16 */ = {
			isa = PBXGroup;
			children = (
				174EBBCB26F8CBE9006AB8CA /* AppDelegate.swift */,
				174EBBCD26F8CBE9006AB8CA /* SceneDelegate.swift */,
				174EBBCF26F8CBE9006AB8CA /* ViewController.swift */,
				174EBBE126F8CDB6006AB8CA /* Capital.swift */,
				174EBBD126F8CBE9006AB8CA /* Main.storyboard */,
				174EBBD426F8CBEF006AB8CA /* Assets.xcassets */,
				174EBBD626F8CBEF006AB8CA /* LaunchScreen.storyboard */,
				174EBBD926F8CBEF006AB8CA /* Info.plist */,
			);
			path = "Project-16";
			sourceTree = "<group>";
		};
/* End PBXGroup section */

/* Begin PBXNativeTarget section */
		174EBBC726F8CBE9006AB8CA /* Project-16 */ = {
			isa = PBXNativeTarget;
			buildConfigurationList = 174EBBDC26F8CBEF006AB8CA /* Build configuration list for PBXNativeTarget "Project-16" */;
			buildPhases = (
				174EBBC426F8CBE9006AB8CA /* Sources */,
				174EBBC526F8CBE9006AB8CA /* Frameworks */,
				174EBBC626F8CBE9006AB8CA /* Resources */,
			);
			buildRules = (
			);
			dependencies = (
			);
			name = "Project-16";
			productName = "Project-16";
			productReference = 174EBBC826F8CBE9006AB8CA /* Project-16.app */;
			productType = "com.apple.product-type.application";
		};
/* End PBXNativeTarget section */

/* Begin PBXProject section */
		174EBBC026F8CBE9006AB8CA /* Project object */ = {
			isa = PBXProject;
			attributes = {
				LastSwiftUpdateCheck = 1250;
				LastUpgradeCheck = 1250;
				TargetAttributes = {
					174EBBC726F8CBE9006AB8CA = {
						CreatedOnToolsVersion = 12.5.1;
					};
				};
			};
			buildConfigurationList = 174EBBC326F8CBE9006AB8CA /* Build configuration list for PBXProject "Project-16" */;
			compatibilityVersion = "Xcode 9.3";
			developmentRegion = en;
			hasScannedForEncodings = 0;
			knownRegions = (
				en,
				Base,
			);
			mainGroup = 174EBBBF26F8CBE9006AB8CA;
			productRefGroup = 174EBBC926F8CBE9006AB8CA /* Products */;
			projectDirPath = "";
			projectRoot = "";
			targets = (
				174EBBC726F8CBE9006AB8CA /* Project-16 */,
			);
		};
/* End PBXProject section */

/* Begin PBXResourcesBuildPhase section */
		174EBBC626F8CBE9006AB8CA /* Resources */ = {
			isa = PBXResourcesBuildPhase;
			buildActionMask = 2147483647;
			files = (
				174EBBD826F8CBEF006AB8CA /* LaunchScreen.storyboard in Resources */,
				174EBBD526F8CBEF006AB8CA /* Assets.xcassets in Resources */,
				174EBBD326F8CBE9006AB8CA /* Main.storyboard in Resources */,
			);
			runOnlyForDeploymentPostprocessing = 0;
		};
/* End PBXResourcesBuildPhase section */

/* Begin PBXSourcesBuildPhase section */
		174EBBC426F8CBE9006AB8CA /* Sources */ = {
			isa = PBXSourcesBuildPhase;
			buildActionMask = 2147483647;
			files = (
				174EBBD026F8CBE9006AB8CA /* ViewController.swift in Sources */,
				174EBBCC26F8CBE9006AB8CA /* AppDelegate.swift in Sources */,
				174EBBE226F8CDB6006AB8CA /* Capital.swift in Sources */,
				174EBBCE26F8CBE9006AB8CA /* SceneDelegate.swift in Sources */,
			);
			runOnlyForDeploymentPostprocessing = 0;
		};
/* End PBXSourcesBuildPhase section */

/* Begin PBXVariantGroup section */
		174EBBD126F8CBE9006AB8CA /* Main.storyboard */ = {
			isa = PBXVariantGroup;
			children = (
				174EBBD226F8CBE9006AB8CA /* Base */,
			);
			name = Main.storyboard;
			sourceTree = "<group>";
		};
		174EBBD626F8CBEF006AB8CA /* LaunchScreen.storyboard */ = {
			isa = PBXVariantGroup;
			children = (
				174EBBD726F8CBEF006AB8CA /* Base */,
			);
			name = LaunchScreen.storyboard;
			sourceTree = "<group>";
		};
/* End PBXVariantGroup section */

/* Begin XCBuildConfiguration section */
		174EBBDA26F8CBEF006AB8CA /* Debug */ = {
			isa = XCBuildConfiguration;
			buildSettings = {
				ALWAYS_SEARCH_USER_PATHS = NO;
				CLANG_ANALYZER_NONNULL = YES;
				CLANG_ANALYZER_NUMBER_OBJECT_CONVERSION = YES_AGGRESSIVE;
				CLANG_CXX_LANGUAGE_STANDARD = "gnu++14";
				CLANG_CXX_LIBRARY = "libc++";
				CLANG_ENABLE_MODULES = YES;
				CLANG_ENABLE_OBJC_ARC = YES;
				CLANG_ENABLE_OBJC_WEAK = YES;
				CLANG_WARN_BLOCK_CAPTURE_AUTORELEASING = YES;
				CLANG_WARN_BOOL_CONVERSION = YES;
				CLANG_WARN_COMMA = YES;
				CLANG_WARN_CONSTANT_CONVERSION = YES;
				CLANG_WARN_DEPRECATED_OBJC_IMPLEMENTATIONS = YES;
				CLANG_WARN_DIRECT_OBJC_ISA_USAGE = YES_ERROR;
				CLANG_WARN_DOCUMENTATION_COMMENTS = YES;
				CLANG_WARN_EMPTY_BODY = YES;
				CLANG_WARN_ENUM_CONVERSION = YES;
				CLANG_WARN_INFINITE_RECURSION = YES;
				CLANG_WARN_INT_CONVERSION = YES;
				CLANG_WARN_NON_LITERAL_NULL_CONVERSION = YES;
				CLANG_WARN_OBJC_IMPLICIT_RETAIN_SELF = YES;
				CLANG_WARN_OBJC_LITERAL_CONVERSION = YES;
				CLANG_WARN_OBJC_ROOT_CLASS = YES_ERROR;
				CLANG_WARN_QUOTED_INCLUDE_IN_FRAMEWORK_HEADER = YES;
				CLANG_WARN_RANGE_LOOP_ANALYSIS = YES;
				CLANG_WARN_STRICT_PROTOTYPES = YES;
				CLANG_WARN_SUSPICIOUS_MOVE = YES;
				CLANG_WARN_UNGUARDED_AVAILABILITY = YES_AGGRESSIVE;
				CLANG_WARN_UNREACHABLE_CODE = YES;
				CLANG_WARN__DUPLICATE_METHOD_MATCH = YES;
				COPY_PHASE_STRIP = NO;
				DEBUG_INFORMATION_FORMAT = dwarf;
				ENABLE_STRICT_OBJC_MSGSEND = YES;
				ENABLE_TESTABILITY = YES;
				GCC_C_LANGUAGE_STANDARD = gnu11;
				GCC_DYNAMIC_NO_PIC = NO;
				GCC_NO_COMMON_BLOCKS = YES;
				GCC_OPTIMIZATION_LEVEL = 0;
				GCC_PREPROCESSOR_DEFINITIONS = (
					"DEBUG=1",
					"$(inherited)",
				);
				GCC_WARN_64_TO_32_BIT_CONVERSION = YES;
				GCC_WARN_ABOUT_RETURN_TYPE = YES_ERROR;
				GCC_WARN_UNDECLARED_SELECTOR = YES;
				GCC_WARN_UNINITIALIZED_AUTOS = YES_AGGRESSIVE;
				GCC_WARN_UNUSED_FUNCTION = YES;
				GCC_WARN_UNUSED_VARIABLE = YES;
				IPHONEOS_DEPLOYMENT_TARGET = 14.5;
				MTL_ENABLE_DEBUG_INFO = INCLUDE_SOURCE;
				MTL_FAST_MATH = YES;
				ONLY_ACTIVE_ARCH = YES;
				SDKROOT = iphoneos;
				SWIFT_ACTIVE_COMPILATION_CONDITIONS = DEBUG;
				SWIFT_OPTIMIZATION_LEVEL = "-Onone";
			};
			name = Debug;
		};
		174EBBDB26F8CBEF006AB8CA /* Release */ = {
			isa = XCBuildConfiguration;
			buildSettings = {
				ALWAYS_SEARCH_USER_PATHS = NO;
				CLANG_ANALYZER_NONNULL = YES;
				CLANG_ANALYZER_NUMBER_OBJECT_CONVERSION = YES_AGGRESSIVE;
				CLANG_CXX_LANGUAGE_STANDARD = "gnu++14";
				CLANG_CXX_LIBRARY = "libc++";
				CLANG_ENABLE_MODULES = YES;
				CLANG_ENABLE_OBJC_ARC = YES;
				CLANG_ENABLE_OBJC_WEAK = YES;
				CLANG_WARN_BLOCK_CAPTURE_AUTORELEASING = YES;
				CLANG_WARN_BOOL_CONVERSION = YES;
				CLANG_WARN_COMMA = YES;
				CLANG_WARN_CONSTANT_CONVERSION = YES;
				CLANG_WARN_DEPRECATED_OBJC_IMPLEMENTATIONS = YES;
				CLANG_WARN_DIRECT_OBJC_ISA_USAGE = YES_ERROR;
				CLANG_WARN_DOCUMENTATION_COMMENTS = YES;
				CLANG_WARN_EMPTY_BODY = YES;
				CLANG_WARN_ENUM_CONVERSION = YES;
				CLANG_WARN_INFINITE_RECURSION = YES;
				CLANG_WARN_INT_CONVERSION = YES;
				CLANG_WARN_NON_LITERAL_NULL_CONVERSION = YES;
				CLANG_WARN_OBJC_IMPLICIT_RETAIN_SELF = YES;
				CLANG_WARN_OBJC_LITERAL_CONVERSION = YES;
				CLANG_WARN_OBJC_ROOT_CLASS = YES_ERROR;
				CLANG_WARN_QUOTED_INCLUDE_IN_FRAMEWORK_HEADER = YES;
				CLANG_WARN_RANGE_LOOP_ANALYSIS = YES;
				CLANG_WARN_STRICT_PROTOTYPES = YES;
				CLANG_WARN_SUSPICIOUS_MOVE = YES;
				CLANG_WARN_UNGUARDED_AVAILABILITY = YES_AGGRESSIVE;
				CLANG_WARN_UNREACHABLE_CODE = YES;
				CLANG_WARN__DUPLICATE_METHOD_MATCH = YES;
				COPY_PHASE_STRIP = NO;
				DEBUG_INFORMATION_FORMAT = "dwarf-with-dsym";
				ENABLE_NS_ASSERTIONS = NO;
				ENABLE_STRICT_OBJC_MSGSEND = YES;
				GCC_C_LANGUAGE_STANDARD = gnu11;
				GCC_NO_COMMON_BLOCKS = YES;
				GCC_WARN_64_TO_32_BIT_CONVERSION = YES;
				GCC_WARN_ABOUT_RETURN_TYPE = YES_ERROR;
				GCC_WARN_UNDECLARED_SELECTOR = YES;
				GCC_WARN_UNINITIALIZED_AUTOS = YES_AGGRESSIVE;
				GCC_WARN_UNUSED_FUNCTION = YES;
				GCC_WARN_UNUSED_VARIABLE = YES;
				IPHONEOS_DEPLOYMENT_TARGET = 14.5;
				MTL_ENABLE_DEBUG_INFO = NO;
				MTL_FAST_MATH = YES;
				SDKROOT = iphoneos;
				SWIFT_COMPILATION_MODE = wholemodule;
				SWIFT_OPTIMIZATION_LEVEL = "-O";
				VALIDATE_PRODUCT = YES;
			};
			name = Release;
		};
		174EBBDD26F8CBEF006AB8CA /* Debug */ = {
			isa = XCBuildConfiguration;
			buildSettings = {
				ASSETCATALOG_COMPILER_APPICON_NAME = AppIcon;
				ASSETCATALOG_COMPILER_GLOBAL_ACCENT_COLOR_NAME = AccentColor;
				CODE_SIGN_STYLE = Automatic;
				DEVELOPMENT_TEAM = ZBVTD3H3K4;
				INFOPLIST_FILE = "Project-16/Info.plist";
				LD_RUNPATH_SEARCH_PATHS = (
					"$(inherited)",
					"@executable_path/Frameworks",
				);
				PRODUCT_BUNDLE_IDENTIFIER = "co.chloefermanis.Project-16";
				PRODUCT_NAME = "$(TARGET_NAME)";
				SWIFT_VERSION = 5.0;
				TARGETED_DEVICE_FAMILY = "1,2";
			};
			name = Debug;
		};
		174EBBDE26F8CBEF006AB8CA /* Release */ = {
			isa = XCBuildConfiguration;
			buildSettings = {
				ASSETCATALOG_COMPILER_APPICON_NAME = AppIcon;
				ASSETCATALOG_COMPILER_GLOBAL_ACCENT_COLOR_NAME = AccentColor;
				CODE_SIGN_STYLE = Automatic;
				DEVELOPMENT_TEAM = ZBVTD3H3K4;
				INFOPLIST_FILE = "Project-16/Info.plist";
				LD_RUNPATH_SEARCH_PATHS = (
					"$(inherited)",
					"@executable_path/Frameworks",
				);
				PRODUCT_BUNDLE_IDENTIFIER = "co.chloefermanis.Project-16";
				PRODUCT_NAME = "$(TARGET_NAME)";
				SWIFT_VERSION = 5.0;
				TARGETED_DEVICE_FAMILY = "1,2";
			};
			name = Release;
		};
/* End XCBuildConfiguration section */

/* Begin XCConfigurationList section */
		174EBBC326F8CBE9006AB8CA /* Build configuration list for PBXProject "Project-16" */ = {
			isa = XCConfigurationList;
			buildConfigurations = (
				174EBBDA26F8CBEF006AB8CA /* Debug */,
				174EBBDB26F8CBEF006AB8CA /* Release */,
			);
			defaultConfigurationIsVisible = 0;
			defaultConfigurationName = Release;
		};
		174EBBDC26F8CBEF006AB8CA /* Build configuration list for PBXNativeTarget "Project-16" */ = {
			isa = XCConfigurationList;
			buildConfigurations = (
				174EBBDD26F8CBEF006AB8CA /* Debug */,
				174EBBDE26F8CBEF006AB8CA /* Release */,
			);
			defaultConfigurationIsVisible = 0;
			defaultConfigurationName = Release;
		};
/* End XCConfigurationList section */
	};
	rootObject = 174EBBC026F8CBE9006AB8CA /* Project object */;
}
