// !$*UTF8*$!
{
	archiveVersion = 1;
	classes = {
	};
	objectVersion = 50;
	objects = {

/* Begin PBXBuildFile section */
		178202B7273F8460006C7FF7 /* AppDelegate.swift in Sources */ = {isa = PBXBuildFile; fileRef = 178202B6273F8460006C7FF7 /* AppDelegate.swift */; };
		178202B9273F8460006C7FF7 /* SceneDelegate.swift in Sources */ = {isa = PBXBuildFile; fileRef = 178202B8273F8460006C7FF7 /* SceneDelegate.swift */; };
		178202BB273F8460006C7FF7 /* ViewController.swift in Sources */ = {isa = PBXBuildFile; fileRef = 178202BA273F8460006C7FF7 /* ViewController.swift */; };
		178202BE273F8460006C7FF7 /* Main.storyboard in Resources */ = {isa = PBXBuildFile; fileRef = 178202BC273F8460006C7FF7 /* Main.storyboard */; };
		178202C0273F8464006C7FF7 /* Assets.xcassets in Resources */ = {isa = PBXBuildFile; fileRef = 178202BF273F8464006C7FF7 /* Assets.xcassets */; };
		178202C3273F8464006C7FF7 /* LaunchScreen.storyboard in Resources */ = {isa = PBXBuildFile; fileRef = 178202C1273F8464006C7FF7 /* LaunchScreen.storyboard */; };
		178202CB2740E8AA006C7FF7 /* Card.swift in Sources */ = {isa = PBXBuildFile; fileRef = 178202CA2740E8AA006C7FF7 /* Card.swift */; };
		178202CD2740F982006C7FF7 /* Memory.swift in Sources */ = {isa = PBXBuildFile; fileRef = 178202CC2740F982006C7FF7 /* Memory.swift */; };
/* End PBXBuildFile section */

/* Begin PBXFileReference section */
		178202B3273F8460006C7FF7 /* Project-MS28-30.app */ = {isa = PBXFileReference; explicitFileType = wrapper.application; includeInIndex = 0; path = "Project-MS28-30.app"; sourceTree = BUILT_PRODUCTS_DIR; };
		178202B6273F8460006C7FF7 /* AppDelegate.swift */ = {isa = PBXFileReference; lastKnownFileType = sourcecode.swift; path = AppDelegate.swift; sourceTree = "<group>"; };
		178202B8273F8460006C7FF7 /* SceneDelegate.swift */ = {isa = PBXFileReference; lastKnownFileType = sourcecode.swift; path = SceneDelegate.swift; sourceTree = "<group>"; };
		178202BA273F8460006C7FF7 /* ViewController.swift */ = {isa = PBXFileReference; lastKnownFileType = sourcecode.swift; path = ViewController.swift; sourceTree = "<group>"; };
		178202BD273F8460006C7FF7 /* Base */ = {isa = PBXFileReference; lastKnownFileType = file.storyboard; name = Base; path = Base.lproj/Main.storyboard; sourceTree = "<group>"; };
		178202BF273F8464006C7FF7 /* Assets.xcassets */ = {isa = PBXFileReference; lastKnownFileType = folder.assetcatalog; path = Assets.xcassets; sourceTree = "<group>"; };
		178202C2273F8464006C7FF7 /* Base */ = {isa = PBXFileReference; lastKnownFileType = file.storyboard; name = Base; path = Base.lproj/LaunchScreen.storyboard; sourceTree = "<group>"; };
		178202C4273F8464006C7FF7 /* Info.plist */ = {isa = PBXFileReference; lastKnownFileType = text.plist.xml; path = Info.plist; sourceTree = "<group>"; };
		178202CA2740E8AA006C7FF7 /* Card.swift */ = {isa = PBXFileReference; lastKnownFileType = sourcecode.swift; path = Card.swift; sourceTree = "<group>"; };
		178202CC2740F982006C7FF7 /* Memory.swift */ = {isa = PBXFileReference; lastKnownFileType = sourcecode.swift; path = Memory.swift; sourceTree = "<group>"; };
/* End PBXFileReference section */

/* Begin PBXFrameworksBuildPhase section */
		178202B0273F8460006C7FF7 /* Frameworks */ = {
			isa = PBXFrameworksBuildPhase;
			buildActionMask = 2147483647;
			files = (
			);
			runOnlyForDeploymentPostprocessing = 0;
		};
/* End PBXFrameworksBuildPhase section */

/* Begin PBXGroup section */
		178202AA273F8460006C7FF7 = {
			isa = PBXGroup;
			children = (
				178202B5273F8460006C7FF7 /* Project-MS28-30 */,
				178202B4273F8460006C7FF7 /* Products */,
			);
			sourceTree = "<group>";
		};
		178202B4273F8460006C7FF7 /* Products */ = {
			isa = PBXGroup;
			children = (
				178202B3273F8460006C7FF7 /* Project-MS28-30.app */,
			);
			name = Products;
			sourceTree = "<group>";
		};
		178202B5273F8460006C7FF7 /* Project-MS28-30 */ = {
			isa = PBXGroup;
			children = (
				178202B6273F8460006C7FF7 /* AppDelegate.swift */,
				178202B8273F8460006C7FF7 /* SceneDelegate.swift */,
				178202BA273F8460006C7FF7 /* ViewController.swift */,
				178202CC2740F982006C7FF7 /* Memory.swift */,
				178202CA2740E8AA006C7FF7 /* Card.swift */,
				178202BC273F8460006C7FF7 /* Main.storyboard */,
				178202BF273F8464006C7FF7 /* Assets.xcassets */,
				178202C1273F8464006C7FF7 /* LaunchScreen.storyboard */,
				178202C4273F8464006C7FF7 /* Info.plist */,
			);
			path = "Project-MS28-30";
			sourceTree = "<group>";
		};
/* End PBXGroup section */

/* Begin PBXNativeTarget section */
		178202B2273F8460006C7FF7 /* Project-MS28-30 */ = {
			isa = PBXNativeTarget;
			buildConfigurationList = 178202C7273F8464006C7FF7 /* Build configuration list for PBXNativeTarget "Project-MS28-30" */;
			buildPhases = (
				178202AF273F8460006C7FF7 /* Sources */,
				178202B0273F8460006C7FF7 /* Frameworks */,
				178202B1273F8460006C7FF7 /* Resources */,
			);
			buildRules = (
			);
			dependencies = (
			);
			name = "Project-MS28-30";
			productName = "Project-MS28-30";
			productReference = 178202B3273F8460006C7FF7 /* Project-MS28-30.app */;
			productType = "com.apple.product-type.application";
		};
/* End PBXNativeTarget section */

/* Begin PBXProject section */
		178202AB273F8460006C7FF7 /* Project object */ = {
			isa = PBXProject;
			attributes = {
				LastSwiftUpdateCheck = 1250;
				LastUpgradeCheck = 1250;
				TargetAttributes = {
					178202B2273F8460006C7FF7 = {
						CreatedOnToolsVersion = 12.5.1;
					};
				};
			};
			buildConfigurationList = 178202AE273F8460006C7FF7 /* Build configuration list for PBXProject "Project-MS28-30" */;
			compatibilityVersion = "Xcode 9.3";
			developmentRegion = en;
			hasScannedForEncodings = 0;
			knownRegions = (
				en,
				Base,
			);
			mainGroup = 178202AA273F8460006C7FF7;
			productRefGroup = 178202B4273F8460006C7FF7 /* Products */;
			projectDirPath = "";
			projectRoot = "";
			targets = (
				178202B2273F8460006C7FF7 /* Project-MS28-30 */,
			);
		};
/* End PBXProject section */

/* Begin PBXResourcesBuildPhase section */
		178202B1273F8460006C7FF7 /* Resources */ = {
			isa = PBXResourcesBuildPhase;
			buildActionMask = 2147483647;
			files = (
				178202C3273F8464006C7FF7 /* LaunchScreen.storyboard in Resources */,
				178202C0273F8464006C7FF7 /* Assets.xcassets in Resources */,
				178202BE273F8460006C7FF7 /* Main.storyboard in Resources */,
			);
			runOnlyForDeploymentPostprocessing = 0;
		};
/* End PBXResourcesBuildPhase section */

/* Begin PBXSourcesBuildPhase section */
		178202AF273F8460006C7FF7 /* Sources */ = {
			isa = PBXSourcesBuildPhase;
			buildActionMask = 2147483647;
			files = (
				178202CD2740F982006C7FF7 /* Memory.swift in Sources */,
				178202BB273F8460006C7FF7 /* ViewController.swift in Sources */,
				178202B7273F8460006C7FF7 /* AppDelegate.swift in Sources */,
				178202B9273F8460006C7FF7 /* SceneDelegate.swift in Sources */,
				178202CB2740E8AA006C7FF7 /* Card.swift in Sources */,
			);
			runOnlyForDeploymentPostprocessing = 0;
		};
/* End PBXSourcesBuildPhase section */

/* Begin PBXVariantGroup section */
		178202BC273F8460006C7FF7 /* Main.storyboard */ = {
			isa = PBXVariantGroup;
			children = (
				178202BD273F8460006C7FF7 /* Base */,
			);
			name = Main.storyboard;
			sourceTree = "<group>";
		};
		178202C1273F8464006C7FF7 /* LaunchScreen.storyboard */ = {
			isa = PBXVariantGroup;
			children = (
				178202C2273F8464006C7FF7 /* Base */,
			);
			name = LaunchScreen.storyboard;
			sourceTree = "<group>";
		};
/* End PBXVariantGroup section */

/* Begin XCBuildConfiguration section */
		178202C5273F8464006C7FF7 /* Debug */ = {
			isa = XCBuildConfiguration;
			buildSettings = {
				ALWAYS_SEARCH_USER_PATHS = NO;
				CLANG_ANALYZER_NONNULL = YES;
				CLANG_ANALYZER_NUMBER_OBJECT_CONVERSION = YES_AGGRESSIVE;
				CLANG_CXX_LANGUAGE_STANDARD = "gnu++14";
				CLANG_CXX_LIBRARY = "libc++";
				CLANG_ENABLE_MODULES = YES;
				CLANG_ENABLE_OBJC_ARC = YES;
				CLANG_ENABLE_OBJC_WEAK = YES;
				CLANG_WARN_BLOCK_CAPTURE_AUTORELEASING = YES;
				CLANG_WARN_BOOL_CONVERSION = YES;
				CLANG_WARN_COMMA = YES;
				CLANG_WARN_CONSTANT_CONVERSION = YES;
				CLANG_WARN_DEPRECATED_OBJC_IMPLEMENTATIONS = YES;
				CLANG_WARN_DIRECT_OBJC_ISA_USAGE = YES_ERROR;
				CLANG_WARN_DOCUMENTATION_COMMENTS = YES;
				CLANG_WARN_EMPTY_BODY = YES;
				CLANG_WARN_ENUM_CONVERSION = YES;
				CLANG_WARN_INFINITE_RECURSION = YES;
				CLANG_WARN_INT_CONVERSION = YES;
				CLANG_WARN_NON_LITERAL_NULL_CONVERSION = YES;
				CLANG_WARN_OBJC_IMPLICIT_RETAIN_SELF = YES;
				CLANG_WARN_OBJC_LITERAL_CONVERSION = YES;
				CLANG_WARN_OBJC_ROOT_CLASS = YES_ERROR;
				CLANG_WARN_QUOTED_INCLUDE_IN_FRAMEWORK_HEADER = YES;
				CLANG_WARN_RANGE_LOOP_ANALYSIS = YES;
				CLANG_WARN_STRICT_PROTOTYPES = YES;
				CLANG_WARN_SUSPICIOUS_MOVE = YES;
				CLANG_WARN_UNGUARDED_AVAILABILITY = YES_AGGRESSIVE;
				CLANG_WARN_UNREACHABLE_CODE = YES;
				CLANG_WARN__DUPLICATE_METHOD_MATCH = YES;
				COPY_PHASE_STRIP = NO;
				DEBUG_INFORMATION_FORMAT = dwarf;
				ENABLE_STRICT_OBJC_MSGSEND = YES;
				ENABLE_TESTABILITY = YES;
				GCC_C_LANGUAGE_STANDARD = gnu11;
				GCC_DYNAMIC_NO_PIC = NO;
				GCC_NO_COMMON_BLOCKS = YES;
				GCC_OPTIMIZATION_LEVEL = 0;
				GCC_PREPROCESSOR_DEFINITIONS = (
					"DEBUG=1",
					"$(inherited)",
				);
				GCC_WARN_64_TO_32_BIT_CONVERSION = YES;
				GCC_WARN_ABOUT_RETURN_TYPE = YES_ERROR;
				GCC_WARN_UNDECLARED_SELECTOR = YES;
				GCC_WARN_UNINITIALIZED_AUTOS = YES_AGGRESSIVE;
				GCC_WARN_UNUSED_FUNCTION = YES;
				GCC_WARN_UNUSED_VARIABLE = YES;
				IPHONEOS_DEPLOYMENT_TARGET = 14.5;
				MTL_ENABLE_DEBUG_INFO = INCLUDE_SOURCE;
				MTL_FAST_MATH = YES;
				ONLY_ACTIVE_ARCH = YES;
				SDKROOT = iphoneos;
				SWIFT_ACTIVE_COMPILATION_CONDITIONS = DEBUG;
				SWIFT_OPTIMIZATION_LEVEL = "-Onone";
			};
			name = Debug;
		};
		178202C6273F8464006C7FF7 /* Release */ = {
			isa = XCBuildConfiguration;
			buildSettings = {
				ALWAYS_SEARCH_USER_PATHS = NO;
				CLANG_ANALYZER_NONNULL = YES;
				CLANG_ANALYZER_NUMBER_OBJECT_CONVERSION = YES_AGGRESSIVE;
				CLANG_CXX_LANGUAGE_STANDARD = "gnu++14";
				CLANG_CXX_LIBRARY = "libc++";
				CLANG_ENABLE_MODULES = YES;
				CLANG_ENABLE_OBJC_ARC = YES;
				CLANG_ENABLE_OBJC_WEAK = YES;
				CLANG_WARN_BLOCK_CAPTURE_AUTORELEASING = YES;
				CLANG_WARN_BOOL_CONVERSION = YES;
				CLANG_WARN_COMMA = YES;
				CLANG_WARN_CONSTANT_CONVERSION = YES;
				CLANG_WARN_DEPRECATED_OBJC_IMPLEMENTATIONS = YES;
				CLANG_WARN_DIRECT_OBJC_ISA_USAGE = YES_ERROR;
				CLANG_WARN_DOCUMENTATION_COMMENTS = YES;
				CLANG_WARN_EMPTY_BODY = YES;
				CLANG_WARN_ENUM_CONVERSION = YES;
				CLANG_WARN_INFINITE_RECURSION = YES;
				CLANG_WARN_INT_CONVERSION = YES;
				CLANG_WARN_NON_LITERAL_NULL_CONVERSION = YES;
				CLANG_WARN_OBJC_IMPLICIT_RETAIN_SELF = YES;
				CLANG_WARN_OBJC_LITERAL_CONVERSION = YES;
				CLANG_WARN_OBJC_ROOT_CLASS = YES_ERROR;
				CLANG_WARN_QUOTED_INCLUDE_IN_FRAMEWORK_HEADER = YES;
				CLANG_WARN_RANGE_LOOP_ANALYSIS = YES;
				CLANG_WARN_STRICT_PROTOTYPES = YES;
				CLANG_WARN_SUSPICIOUS_MOVE = YES;
				CLANG_WARN_UNGUARDED_AVAILABILITY = YES_AGGRESSIVE;
				CLANG_WARN_UNREACHABLE_CODE = YES;
				CLANG_WARN__DUPLICATE_METHOD_MATCH = YES;
				COPY_PHASE_STRIP = NO;
				DEBUG_INFORMATION_FORMAT = "dwarf-with-dsym";
				ENABLE_NS_ASSERTIONS = NO;
				ENABLE_STRICT_OBJC_MSGSEND = YES;
				GCC_C_LANGUAGE_STANDARD = gnu11;
				GCC_NO_COMMON_BLOCKS = YES;
				GCC_WARN_64_TO_32_BIT_CONVERSION = YES;
				GCC_WARN_ABOUT_RETURN_TYPE = YES_ERROR;
				GCC_WARN_UNDECLARED_SELECTOR = YES;
				GCC_WARN_UNINITIALIZED_AUTOS = YES_AGGRESSIVE;
				GCC_WARN_UNUSED_FUNCTION = YES;
				GCC_WARN_UNUSED_VARIABLE = YES;
				IPHONEOS_DEPLOYMENT_TARGET = 14.5;
				MTL_ENABLE_DEBUG_INFO = NO;
				MTL_FAST_MATH = YES;
				SDKROOT = iphoneos;
				SWIFT_COMPILATION_MODE = wholemodule;
				SWIFT_OPTIMIZATION_LEVEL = "-O";
				VALIDATE_PRODUCT = YES;
			};
			name = Release;
		};
		178202C8273F8464006C7FF7 /* Debug */ = {
			isa = XCBuildConfiguration;
			buildSettings = {
				ASSETCATALOG_COMPILER_APPICON_NAME = AppIcon;
				ASSETCATALOG_COMPILER_GLOBAL_ACCENT_COLOR_NAME = AccentColor;
				CODE_SIGN_STYLE = Automatic;
				DEVELOPMENT_TEAM = ZBVTD3H3K4;
				INFOPLIST_FILE = "Project-MS28-30/Info.plist";
				IPHONEOS_DEPLOYMENT_TARGET = 14.5;
				LD_RUNPATH_SEARCH_PATHS = (
					"$(inherited)",
					"@executable_path/Frameworks",
				);
				PRODUCT_BUNDLE_IDENTIFIER = "co.chloefermanis.Project-MS28-30";
				PRODUCT_NAME = "$(TARGET_NAME)";
				SWIFT_VERSION = 5.0;
				TARGETED_DEVICE_FAMILY = "1,2";
			};
			name = Debug;
		};
		178202C9273F8464006C7FF7 /* Release */ = {
			isa = XCBuildConfiguration;
			buildSettings = {
				ASSETCATALOG_COMPILER_APPICON_NAME = AppIcon;
				ASSETCATALOG_COMPILER_GLOBAL_ACCENT_COLOR_NAME = AccentColor;
				CODE_SIGN_STYLE = Automatic;
				DEVELOPMENT_TEAM = ZBVTD3H3K4;
				INFOPLIST_FILE = "Project-MS28-30/Info.plist";
				IPHONEOS_DEPLOYMENT_TARGET = 14.5;
				LD_RUNPATH_SEARCH_PATHS = (
					"$(inherited)",
					"@executable_path/Frameworks",
				);
				PRODUCT_BUNDLE_IDENTIFIER = "co.chloefermanis.Project-MS28-30";
				PRODUCT_NAME = "$(TARGET_NAME)";
				SWIFT_VERSION = 5.0;
				TARGETED_DEVICE_FAMILY = "1,2";
			};
			name = Release;
		};
/* End XCBuildConfiguration section */

/* Begin XCConfigurationList section */
		178202AE273F8460006C7FF7 /* Build configuration list for PBXProject "Project-MS28-30" */ = {
			isa = XCConfigurationList;
			buildConfigurations = (
				178202C5273F8464006C7FF7 /* Debug */,
				178202C6273F8464006C7FF7 /* Release */,
			);
			defaultConfigurationIsVisible = 0;
			defaultConfigurationName = Release;
		};
		178202C7273F8464006C7FF7 /* Build configuration list for PBXNativeTarget "Project-MS28-30" */ = {
			isa = XCConfigurationList;
			buildConfigurations = (
				178202C8273F8464006C7FF7 /* Debug */,
				178202C9273F8464006C7FF7 /* Release */,
			);
			defaultConfigurationIsVisible = 0;
			defaultConfigurationName = Release;
		};
/* End XCConfigurationList section */
	};
	rootObject = 178202AB273F8460006C7FF7 /* Project object */;
}
